
Microsoft Visual Studio Solution File, Format Version 12.00
# Visual Studio Version 17
VisualStudioVersion = 17.10.35027.167
MinimumVisualStudioVersion = 10.0.40219.1
Project("{FAE04EC0-301F-11D3-BF4B-00C04F79EFBC}") = "DAL", "DAL\DAL.csproj", "{230FB581-5EC7-4020-8CEE-A3E9B62C7D32}"
EndProject
Project("{FAE04EC0-301F-11D3-BF4B-00C04F79EFBC}") = "Entities", "Entities\Entities.csproj", "{CFF5C8FC-7B34-45FD-95F7-EC3ADF857000}"
EndProject
Global
	GlobalSection(SolutionConfigurationPlatforms) = preSolution
		Debug|Any CPU = Debug|Any CPU
		Release|Any CPU = Release|Any CPU
	EndGlobalSection
	GlobalSection(ProjectConfigurationPlatforms) = postSolution
		{230FB581-5EC7-4020-8CEE-A3E9B62C7D32}.Debug|Any CPU.ActiveCfg = Debug|Any CPU
		{230FB581-5EC7-4020-8CEE-A3E9B62C7D32}.Debug|Any CPU.Build.0 = Debug|Any CPU
		{230FB581-5EC7-4020-8CEE-A3E9B62C7D32}.Release|Any CPU.ActiveCfg = Release|Any CPU
		{230FB581-5EC7-4020-8CEE-A3E9B62C7D32}.Release|Any CPU.Build.0 = Release|Any CPU
		{CFF5C8FC-7B34-45FD-95F7-EC3ADF857000}.Debug|Any CPU.ActiveCfg = Debug|Any CPU
		{CFF5C8FC-7B34-45FD-95F7-EC3ADF857000}.Debug|Any CPU.Build.0 = Debug|Any CPU
		{CFF5C8FC-7B34-45FD-95F7-EC3ADF857000}.Release|Any CPU.ActiveCfg = Release|Any CPU
		{CFF5C8FC-7B34-45FD-95F7-EC3ADF857000}.Release|Any CPU.Build.0 = Release|Any CPU
	EndGlobalSection
	GlobalSection(SolutionProperties) = preSolution
		HideSolutionNode = FALSE
	EndGlobalSection
	GlobalSection(ExtensibilityGlobals) = postSolution
		SolutionGuid = {0D5D5564-F67B-4511-A7E0-1D09B76A660F}
	EndGlobalSection
EndGlobal
